{
    "_meta": {
        "hash": {
            "sha256": "213a0303d850402dc9b39907c027232cb09bbc56b62161404fe01e477b973eee"
        },
        "pipfile-spec": 6,
        "requires": {
            "python_version": "3.10"
        },
        "sources": [
            {
                "name": "pypi",
                "url": "https://pypi.org/simple",
                "verify_ssl": true
            }
        ]
    },
    "default": {
        "blinker": {
            "hashes": [
                "sha256:b4ce2265a7abece45e7cc896e98dbebe6cead56bcf805a3d23136d145f5445bf",
                "sha256:ba0efaa9080b619ff2f3459d1d500c57bddea4a6b424b60a91141db6fd2f08bc"
            ],
            "markers": "python_version >= '3.9'",
            "version": "==1.9.0"
        },
        "click": {
            "hashes": [
                "sha256:63c132bbbed01578a06712a2d1f497bb62d9c1c0d329b7903a866228027263b2",
                "sha256:ed53c9d8990d83c2a27deae68e4ee337473f6330c040a31d4225c9574d16096a"
            ],
            "markers": "python_version >= '3.7'",
            "version": "==8.1.8"
        },
        "colorama": {
            "hashes": [
                "sha256:08695f5cb7ed6e0531a20572697297273c47b8cae5a63ffc6d6ed5c201be6e44",
                "sha256:4f1d9991f5acc0ca119f9d443620b77f9d6b33703e51011c16baf57afb285fc6"
            ],
            "markers": "sys_platform == 'win32'",
            "version": "==0.4.6"
        },
        "deprecated": {
            "hashes": [
                "sha256:422b6f6d859da6f2ef57857761bfb392480502a64c3028ca9bbe86085d72115d",
                "sha256:bd5011788200372a32418f888e326a09ff80d0214bd961147cfed01b5c018eec"
            ],
            "markers": "python_version >= '2.7' and python_version not in '3.0, 3.1, 3.2, 3.3'",
            "version": "==1.2.18"
        },
        "dnspython": {
            "hashes": [
                "sha256:b4c34b7d10b51bcc3a5071e7b8dee77939f1e878477eeecc965e9835f63c6c86",
                "sha256:ce9c432eda0dc91cf618a5cedf1a4e142651196bbcd2c80e89ed5a907e5cfaf1"
            ],
            "markers": "python_version >= '3.9'",
            "version": "==2.7.0"
        },
        "exceptiongroup": {
            "hashes": [
                "sha256:3111b9d131c238bec2f8f516e123e14ba243563fb135d3fe885990585aa7795b",
                "sha256:47c2edf7c6738fafb49fd34290706d1a1a2f4d1c6df275526b62cbb4aa5393cc"
            ],
            "markers": "python_version < '3.11'",
            "version": "==1.2.2"
        },
        "flask": {
            "hashes": [
                "sha256:5f873c5184c897c8d9d1b05df1e3d01b14910ce69607a117bd3277098a5836ac",
                "sha256:d667207822eb83f1c4b50949b1623c8fc8d51f2341d65f72e1a1815397551136"
            ],
            "index": "pypi",
            "markers": "python_version >= '3.9'",
            "version": "==3.1.0"
        },
        "flask-jwt-extended": {
            "hashes": [
                "sha256:52f35bf0985354d7fb7b876e2eb0e0b141aaff865a22ff6cc33d9a18aa987978",
                "sha256:8085d6757505b6f3291a2638c84d207e8f0ad0de662d1f46aa2f77e658a0c976"
            ],
            "index": "pypi",
            "markers": "python_version >= '3.9' and python_version < '4'",
            "version": "==4.7.1"
        },
        "flask-limiter": {
            "hashes": [
                "sha256:b94c9e9584df98209542686947cf647f1ede35ed7e4ab564934a2bb9ed46b143",
                "sha256:f9e3e3d0c4acd0d1ffbfa729e17198dd1042f4d23c130ae160044fc930e21300"
            ],
            "index": "pypi",
            "markers": "python_version >= '3.10'",
            "version": "==3.12"
        },
        "flask-pymongo": {
            "hashes": [
                "sha256:c75a4a9d7f4dc41ddefcfe75d2a0a259049071d285242c1338c42c64dd1223d9",
                "sha256:d225b51c21ceca2e670e6cca79b5c584ad17b96252b48e84e3b423ddb73304cc"
            ],
            "index": "pypi",
            "markers": "python_version >= '3.9'",
            "version": "==3.0.1"
        },
        "flask-wtf": {
            "hashes": [
                "sha256:79d2ee1e436cf570bccb7d916533fa18757a2f18c290accffab1b9a0b684666b",
                "sha256:e93160c5c5b6b571cf99300b6e01b72f9a101027cab1579901f8b10c5daf0b70"
            ],
            "index": "pypi",
            "markers": "python_version >= '3.9'",
            "version": "==1.2.2"
        },
        "iniconfig": {
            "hashes": [
                "sha256:3abbd2e30b36733fee78f9c7f7308f2d0050e88f0087fd25c2645f63c773e1c7",
                "sha256:9deba5723312380e77435581c6bf4935c94cbfab9b1ed33ef8d238ea168eb760"
            ],
            "markers": "python_version >= '3.8'",
            "version": "==2.1.0"
        },
        "itsdangerous": {
            "hashes": [
                "sha256:c6242fc49e35958c8b15141343aa660db5fc54d4f13a1db01a3f5891b98700ef",
                "sha256:e0050c0b7da1eea53ffaf149c0cfbb5c6e2e2b69c4bef22c81fa6eb73e5f6173"
            ],
            "markers": "python_version >= '3.8'",
            "version": "==2.2.0"
        },
        "jinja2": {
            "hashes": [
                "sha256:0137fb05990d35f1275a587e9aee6d56da821fc83491a0fb838183be43f66d6d",
                "sha256:85ece4451f492d0c13c5dd7c13a64681a86afae63a5f347908daf103ce6d2f67"
            ],
            "markers": "python_version >= '3.7'",
            "version": "==3.1.6"
        },
        "limits": {
            "hashes": [
                "sha256:956548d4122f9214524da69ef73b39ca952094cc8791e40abdef5fc29b180dab",
                "sha256:fefb6147128762df210d509dce15f19bb48c9acf98598aae50f24d5ccd6ac5c9"
            ],
            "markers": "python_version >= '3.10'",
            "version": "==4.7"
        },
        "markdown-it-py": {
            "hashes": [
                "sha256:355216845c60bd96232cd8d8c40e8f9765cc86f46880e43a8fd22dc1a1a8cab1",
                "sha256:e3f60a94fa066dc52ec76661e37c851cb232d92f9886b15cb560aaada2df8feb"
            ],
            "markers": "python_version >= '3.8'",
            "version": "==3.0.0"
        },
        "markupsafe": {
            "hashes": [
                "sha256:0bff5e0ae4ef2e1ae4fdf2dfd5b76c75e5c2fa4132d05fc1b0dabcd20c7e28c4",
                "sha256:0f4ca02bea9a23221c0182836703cbf8930c5e9454bacce27e767509fa286a30",
                "sha256:1225beacc926f536dc82e45f8a4d68502949dc67eea90eab715dea3a21c1b5f0",
                "sha256:131a3c7689c85f5ad20f9f6fb1b866f402c445b220c19fe4308c0b147ccd2ad9",
                "sha256:15ab75ef81add55874e7ab7055e9c397312385bd9ced94920f2802310c930396",
                "sha256:1a9d3f5f0901fdec14d8d2f66ef7d035f2157240a433441719ac9a3fba440b13",
                "sha256:1c99d261bd2d5f6b59325c92c73df481e05e57f19837bdca8413b9eac4bd8028",
                "sha256:1e084f686b92e5b83186b07e8a17fc09e38fff551f3602b249881fec658d3eca",
                "sha256:2181e67807fc2fa785d0592dc2d6206c019b9502410671cc905d132a92866557",
                "sha256:2cb8438c3cbb25e220c2ab33bb226559e7afb3baec11c4f218ffa7308603c832",
                "sha256:3169b1eefae027567d1ce6ee7cae382c57fe26e82775f460f0b2778beaad66c0",
                "sha256:3809ede931876f5b2ec92eef964286840ed3540dadf803dd570c3b7e13141a3b",
                "sha256:38a9ef736c01fccdd6600705b09dc574584b89bea478200c5fbf112a6b0d5579",
                "sha256:3d79d162e7be8f996986c064d1c7c817f6df3a77fe3d6859f6f9e7be4b8c213a",
                "sha256:444dcda765c8a838eaae23112db52f1efaf750daddb2d9ca300bcae1039adc5c",
                "sha256:48032821bbdf20f5799ff537c7ac3d1fba0ba032cfc06194faffa8cda8b560ff",
                "sha256:4aa4e5faecf353ed117801a068ebab7b7e09ffb6e1d5e412dc852e0da018126c",
                "sha256:52305740fe773d09cffb16f8ed0427942901f00adedac82ec8b67752f58a1b22",
                "sha256:569511d3b58c8791ab4c2e1285575265991e6d8f8700c7be0e88f86cb0672094",
                "sha256:57cb5a3cf367aeb1d316576250f65edec5bb3be939e9247ae594b4bcbc317dfb",
                "sha256:5b02fb34468b6aaa40dfc198d813a641e3a63b98c2b05a16b9f80b7ec314185e",
                "sha256:6381026f158fdb7c72a168278597a5e3a5222e83ea18f543112b2662a9b699c5",
                "sha256:6af100e168aa82a50e186c82875a5893c5597a0c1ccdb0d8b40240b1f28b969a",
                "sha256:6c89876f41da747c8d3677a2b540fb32ef5715f97b66eeb0c6b66f5e3ef6f59d",
                "sha256:6e296a513ca3d94054c2c881cc913116e90fd030ad1c656b3869762b754f5f8a",
                "sha256:70a87b411535ccad5ef2f1df5136506a10775d267e197e4cf531ced10537bd6b",
                "sha256:7e94c425039cde14257288fd61dcfb01963e658efbc0ff54f5306b06054700f8",
                "sha256:846ade7b71e3536c4e56b386c2a47adf5741d2d8b94ec9dc3e92e5e1ee1e2225",
                "sha256:88416bd1e65dcea10bc7569faacb2c20ce071dd1f87539ca2ab364bf6231393c",
                "sha256:88b49a3b9ff31e19998750c38e030fc7bb937398b1f78cfa599aaef92d693144",
                "sha256:8c4e8c3ce11e1f92f6536ff07154f9d49677ebaaafc32db9db4620bc11ed480f",
                "sha256:8e06879fc22a25ca47312fbe7c8264eb0b662f6db27cb2d3bbbc74b1df4b9b87",
                "sha256:9025b4018f3a1314059769c7bf15441064b2207cb3f065e6ea1e7359cb46db9d",
                "sha256:93335ca3812df2f366e80509ae119189886b0f3c2b81325d39efdb84a1e2ae93",
                "sha256:9778bd8ab0a994ebf6f84c2b949e65736d5575320a17ae8984a77fab08db94cf",
                "sha256:9e2d922824181480953426608b81967de705c3cef4d1af983af849d7bd619158",
                "sha256:a123e330ef0853c6e822384873bef7507557d8e4a082961e1defa947aa59ba84",
                "sha256:a904af0a6162c73e3edcb969eeeb53a63ceeb5d8cf642fade7d39e7963a22ddb",
                "sha256:ad10d3ded218f1039f11a75f8091880239651b52e9bb592ca27de44eed242a48",
                "sha256:b424c77b206d63d500bcb69fa55ed8d0e6a3774056bdc4839fc9298a7edca171",
                "sha256:b5a6b3ada725cea8a5e634536b1b01c30bcdcd7f9c6fff4151548d5bf6b3a36c",
                "sha256:ba8062ed2cf21c07a9e295d5b8a2a5ce678b913b45fdf68c32d95d6c1291e0b6",
                "sha256:ba9527cdd4c926ed0760bc301f6728ef34d841f405abf9d4f959c478421e4efd",
                "sha256:bbcb445fa71794da8f178f0f6d66789a28d7319071af7a496d4d507ed566270d",
                "sha256:bcf3e58998965654fdaff38e58584d8937aa3096ab5354d493c77d1fdd66d7a1",
                "sha256:c0ef13eaeee5b615fb07c9a7dadb38eac06a0608b41570d8ade51c56539e509d",
                "sha256:cabc348d87e913db6ab4aa100f01b08f481097838bdddf7c7a84b7575b7309ca",
                "sha256:cdb82a876c47801bb54a690c5ae105a46b392ac6099881cdfb9f6e95e4014c6a",
                "sha256:cfad01eed2c2e0c01fd0ecd2ef42c492f7f93902e39a42fc9ee1692961443a29",
                "sha256:d16a81a06776313e817c951135cf7340a3e91e8c1ff2fac444cfd75fffa04afe",
                "sha256:d8213e09c917a951de9d09ecee036d5c7d36cb6cb7dbaece4c71a60d79fb9798",
                "sha256:e07c3764494e3776c602c1e78e298937c3315ccc9043ead7e685b7f2b8d47b3c",
                "sha256:e17c96c14e19278594aa4841ec148115f9c7615a47382ecb6b82bd8fea3ab0c8",
                "sha256:e444a31f8db13eb18ada366ab3cf45fd4b31e4db1236a4448f68778c1d1a5a2f",
                "sha256:e6a2a455bd412959b57a172ce6328d2dd1f01cb2135efda2e4576e8a23fa3b0f",
                "sha256:eaa0a10b7f72326f1372a713e73c3f739b524b3af41feb43e4921cb529f5929a",
                "sha256:eb7972a85c54febfb25b5c4b4f3af4dcc731994c7da0d8a0b4a6eb0640e1d178",
                "sha256:ee55d3edf80167e48ea11a923c7386f4669df67d7994554387f84e7d8b0a2bf0",
                "sha256:f3818cb119498c0678015754eba762e0d61e5b52d34c8b13d770f0719f7b1d79",
                "sha256:f8b3d067f2e40fe93e1ccdd6b2e1d16c43140e76f02fb1319a05cf2b79d99430",
                "sha256:fcabf5ff6eea076f859677f5f0b6b5c1a51e70a376b0579e0eadef8db48c6b50"
            ],
            "markers": "python_version >= '3.9'",
            "version": "==3.0.2"
        },
        "mdurl": {
            "hashes": [
                "sha256:84008a41e51615a49fc9966191ff91509e3c40b939176e643fd50a5c2196b8f8",
                "sha256:bb413d29f5eea38f31dd4754dd7377d4465116fb207585f97bf925588687c1ba"
            ],
            "markers": "python_version >= '3.7'",
            "version": "==0.1.2"
        },
        "ordered-set": {
            "hashes": [
                "sha256:046e1132c71fcf3330438a539928932caf51ddbc582496833e23de611de14562",
                "sha256:694a8e44c87657c59292ede72891eb91d34131f6531463aab3009191c77364a8"
            ],
            "markers": "python_version >= '3.7'",
            "version": "==4.1.0"
        },
        "packaging": {
            "hashes": [
                "sha256:09abb1bccd265c01f4a3aa3f7a7db064b36514d2cba19a2f694fe6150451a759",
                "sha256:c228a6dc5e932d346bc5739379109d49e8853dd8223571c7c5b55260edc0b97f"
            ],
            "markers": "python_version >= '3.8'",
            "version": "==24.2"
        },
        "pluggy": {
            "hashes": [
                "sha256:2cffa88e94fdc978c4c574f15f9e59b7f4201d439195c3715ca9e2486f1d0cf1",
                "sha256:44e1ad92c8ca002de6377e165f3e0f1be63266ab4d554740532335b9d75ea669"
            ],
            "markers": "python_version >= '3.8'",
            "version": "==1.5.0"
        },
        "pygments": {
            "hashes": [
                "sha256:61c16d2a8576dc0649d9f39e089b5f02bcd27fba10d8fb4dcc28173f7a45151f",
                "sha256:9ea1544ad55cecf4b8242fab6dd35a93bbce657034b0611ee383099054ab6d8c"
            ],
            "markers": "python_version >= '3.8'",
            "version": "==2.19.1"
        },
        "pyjwt": {
            "hashes": [
                "sha256:3cc5772eb20009233caf06e9d8a0577824723b44e6648ee0a2aedb6cf9381953",
                "sha256:dcdd193e30abefd5debf142f9adfcdd2b58004e644f25406ffaebd50bd98dacb"
            ],
            "markers": "python_version >= '3.9'",
            "version": "==2.10.1"
        },
        "pymongo": {
            "hashes": [
                "sha256:00c918c5f17360ea02da4ef268f2573967ef453c5ccec0caac2545be95ef478e",
                "sha256:053e43722c0d76e5798abeb04f3a3ca69f8bdd10c3b56c6705fd72bf815dcbb8",
                "sha256:0be2192be8e6aebe5b0500a6e69d914cecea7567e895edee2d3069c0a2b171b7",
                "sha256:11846ba98179cb5bc9325748877501f558db30437cd2db2ba7643d728c16cbfa",
                "sha256:14aade4429997c3060e0df945344fc3bf7fb517253a2445017d9c86b100f4dbc",
                "sha256:29709285691102a2c678e65c3bcf6fd4c96e21d6753e6ec8f7ebe96e4c27ba98",
                "sha256:2af7665a9f566a696902e5d396a4bc0c096cc7a03d661aa67f64943488977ed5",
                "sha256:2e39fecf539d77a3a4fbd332d5e3f375a1ec9a7b2401d6f27aaf8af5a1fd23e2",
                "sha256:2eb9179252fa6a6ad98e912e821e9602e02a54a720eabc482e0394c5efcbbd09",
                "sha256:32863d54beae2b7d60bd33659c56e6b7a81e7d9082e1cd7cce62e8451a164ab8",
                "sha256:342dd65e89f6978ac56cb8e1692e72a6de00e6f9f212ff68464e9b54dbc4c431",
                "sha256:3e5328254fbe0aacdb9191ee76e5df1fa36778770f1fe8b99d8d9f51ce12a8c7",
                "sha256:3ee07a2eb48c583354ba13b9c0b9f904f22f0a7ab349e37852da3a85f3f5bf2a",
                "sha256:4c2d527443011cc1ff92752f0152e683184d30b1b95f758809efefdd6246dd3f",
                "sha256:5c44f44b48bdf793b30a83232b5abad2cda1d7c7dc3bbe9e4a952a8b3b4faad1",
                "sha256:5daad50a6ac1cbfe404dd68e9a39d6bb06c6891cb3fe73a5bdc9de2033278d15",
                "sha256:5e78419a8f23705a44d01901c14f830c5d38fe2b1d8853bc836b8d04117207a8",
                "sha256:5f0654f4eab9c72ddb912b0c393dcb6d66936d9e2141f057bb272477bbc8cf8e",
                "sha256:6bee9178d6b358a4cee1a13179779810fec5a5406cf0db41fdf0c065d90029e2",
                "sha256:6d6cb42c18ce1eee3577a6604a53d5e4e2e8c24b05e00c0749e5bc9220977431",
                "sha256:6ebd8096dadd5e6c067ac0afc98079bd58750020cf03fce97c67565352b38bff",
                "sha256:77455951881e438b6ffdf449b31c3af4b3ed6c6af208de3b9a719d5d444785b3",
                "sha256:77f618a29c02bcf824915144957e257f7d7329e8ffc1b804fd80a4e2e7b3b2c8",
                "sha256:7bd4358da17705c37f29594b799c9ca65b4b1eb17cb0c6696c591809cdd973f2",
                "sha256:7e5cd2c837a2ee21e6f0a2da44eba44be1718b7db0893c0148caa309b0388790",
                "sha256:805b18b615ccf23b6fb2ca815f5580085b53acb8700c017bd873e781e90caf89",
                "sha256:8aed3e58a6714aaed324e56723e9f510032ad0f7756430f4484269f4e33e32f5",
                "sha256:8f8222022357cbba9c024535816200abfd74fb0b7356afc13ce1533515b625af",
                "sha256:8f9fa8dbe724306f7126497aa8adf1975203117143de2caf4edacb18aa83270f",
                "sha256:9052cf74602b368e8cc042e5bee181ff9179dd473d05319c6bdaf602c76bb173",
                "sha256:926bc4792396b6c4da40fd7874921564e69b75c2028833318271bed808f4493a",
                "sha256:992549d1022ea2d8e7f93ece8191ab1f84dfe157dcfa043b259d9743ee3188ad",
                "sha256:a0bc2a32763b6fb76ce701b270d88a3939994d76e64088822e7dc2a8d6a69926",
                "sha256:ab1a1b82b28d9ddeff93351f2e9e803ca78258e447c13c500294780eb2665a03",
                "sha256:ab5a3c39bb6a84bf38149a4f9db51e55686827236af96cab17c65f8346b3c1e3",
                "sha256:adf638404fb96ddf0b2ec07df7279ea709d1e05150e527cc98b23fd0db8c3fec",
                "sha256:b2fb1f0c08929dc48f147010a679a0ef2b7561fcb616a793fa47ab8b10677334",
                "sha256:b65cc36d8ef2dfb567a00a81ad16b7ef1989d3092367aff24fab027be7168cc8",
                "sha256:b751458ccd52fc84970ae8d4d354a781bcaac244ad957c635ff70b067f160d41",
                "sha256:ba90eb88e604778b767d82ff5165de4ac5135b93c32a6931c77ee17bba6a8daf",
                "sha256:bb76c604e834e2dbb2e3675b298e0ff01e56cd3c36ccc7d01fafbc326be0d48a",
                "sha256:c906365c12375f3b4eb03b8dda71711cfe0670272d98a47c15eb8d311b03351d",
                "sha256:caeff0cd9e78dd6d7ebb961bdbdf68b2ed63432157e7115d669a21fb534f656f",
                "sha256:d5b5e30587e532906bd6dd1cadab374cfa72c211419e56ebe125ee1fb01bd110",
                "sha256:d83fff3c453f55c57f6a9cccabe2578ca97d7a6378006242f56fc7f1c34f1361",
                "sha256:d89af24652dc43c109cb2839ec6ea0e60b9d19301b05d3f8fa1ebdba9e95a1ee",
                "sha256:d9f74a5cf3fccdb72211e33e07a6c05ac09cd0d7c99d21db5c2473fcfdd03152",
                "sha256:dc86d4a127a43d27bef9be4f1e501847ecf8e0d530c58c34967dcbf3bf1a9fff",
                "sha256:df72eeef20c9246eeda9adfa90b4a0e3208be5b840850e22da599f95fc8048f6",
                "sha256:dfd34fe5ce934c359def945a23925f42735e384423db6fd847bc9205661644d4",
                "sha256:e1015c5689b3013c69802d80ef661c8c094d83d0342a68d45ced52c53f412f29",
                "sha256:e22d581aed962822dfeee601251101957f53688101af0c0dfc7180f55285c681",
                "sha256:e23d9b5e8d2dfc3ac0540966e93008e471345ec9a2797b77be551e64b70fc8ee",
                "sha256:e576d4bf8e27cdcdbe17a2e78a3e96e16ea443c3ac46e722b3a814b0c9ce7ab5",
                "sha256:ecf325f31bf8be70ec5cab50b45a8e09acf3952d693215acac965cecaeb6b58d",
                "sha256:fb983976e606d970d08af6c74de2e462a0e795e47360df67fe1fd85146a813a2",
                "sha256:ff17fcb5184f9511cf49b8a62f8f038555c3a07406f4944a8afd614a3d23bbfa"
            ],
            "index": "pypi",
            "markers": "python_version >= '3.9'",
            "version": "==4.12.0"
        },
        "pytest": {
            "hashes": [
                "sha256:c69214aa47deac29fad6c2a4f590b9c4a9fdb16a403176fe154b79c0b4d4d820",
                "sha256:f4efe70cc14e511565ac476b57c279e12a855b11f48f212af1080ef2263d3845"
            ],
            "index": "pypi",
            "markers": "python_version >= '3.8'",
            "version": "==8.3.5"
        },
        "python-dotenv": {
            "hashes": [
                "sha256:41f90bc6f5f177fb41f53e87666db362025010eb28f60a01c9143bfa33a2b2d5",
                "sha256:d7c01d9e2293916c18baf562d95698754b0dbbb5e74d457c45d4f6561fb9d55d"
            ],
            "index": "pypi",
            "markers": "python_version >= '3.9'",
            "version": "==1.1.0"
        },
        "rich": {
            "hashes": [
                "sha256:439594978a49a09530cff7ebc4b5c7103ef57baf48d5ea3184f21d9a2befa098",
                "sha256:6049d5e6ec054bf2779ab3358186963bac2ea89175919d699e378b99738c2a90"
            ],
            "markers": "python_full_version >= '3.8.0'",
            "version": "==13.9.4"
        },
        "tomli": {
            "hashes": [
                "sha256:023aa114dd824ade0100497eb2318602af309e5a55595f76b626d6d9f3b7b0a6",
                "sha256:02abe224de6ae62c19f090f68da4e27b10af2b93213d36cf44e6e1c5abd19fdd",
                "sha256:286f0ca2ffeeb5b9bd4fcc8d6c330534323ec51b2f52da063b11c502da16f30c",
                "sha256:2d0f2fdd22b02c6d81637a3c95f8cd77f995846af7414c5c4b8d0545afa1bc4b",
                "sha256:33580bccab0338d00994d7f16f4c4ec25b776af3ffaac1ed74e0b3fc95e885a8",
                "sha256:400e720fe168c0f8521520190686ef8ef033fb19fc493da09779e592861b78c6",
                "sha256:40741994320b232529c802f8bc86da4e1aa9f413db394617b9a256ae0f9a7f77",
                "sha256:465af0e0875402f1d226519c9904f37254b3045fc5084697cefb9bdde1ff99ff",
                "sha256:4a8f6e44de52d5e6c657c9fe83b562f5f4256d8ebbfe4ff922c495620a7f6cea",
                "sha256:4e340144ad7ae1533cb897d406382b4b6fede8890a03738ff1683af800d54192",
                "sha256:678e4fa69e4575eb77d103de3df8a895e1591b48e740211bd1067378c69e8249",
                "sha256:6972ca9c9cc9f0acaa56a8ca1ff51e7af152a9f87fb64623e31d5c83700080ee",
                "sha256:7fc04e92e1d624a4a63c76474610238576942d6b8950a2d7f908a340494e67e4",
                "sha256:889f80ef92701b9dbb224e49ec87c645ce5df3fa2cc548664eb8a25e03127a98",
                "sha256:8d57ca8095a641b8237d5b079147646153d22552f1c637fd3ba7f4b0b29167a8",
                "sha256:8dd28b3e155b80f4d54beb40a441d366adcfe740969820caf156c019fb5c7ec4",
                "sha256:9316dc65bed1684c9a98ee68759ceaed29d229e985297003e494aa825ebb0281",
                "sha256:a198f10c4d1b1375d7687bc25294306e551bf1abfa4eace6650070a5c1ae2744",
                "sha256:a38aa0308e754b0e3c67e344754dff64999ff9b513e691d0e786265c93583c69",
                "sha256:a92ef1a44547e894e2a17d24e7557a5e85a9e1d0048b0b5e7541f76c5032cb13",
                "sha256:ac065718db92ca818f8d6141b5f66369833d4a80a9d74435a268c52bdfa73140",
                "sha256:b82ebccc8c8a36f2094e969560a1b836758481f3dc360ce9a3277c65f374285e",
                "sha256:c954d2250168d28797dd4e3ac5cf812a406cd5a92674ee4c8f123c889786aa8e",
                "sha256:cb55c73c5f4408779d0cf3eef9f762b9c9f147a77de7b258bef0a5628adc85cc",
                "sha256:cd45e1dc79c835ce60f7404ec8119f2eb06d38b1deba146f07ced3bbc44505ff",
                "sha256:d3f5614314d758649ab2ab3a62d4f2004c825922f9e370b29416484086b264ec",
                "sha256:d920f33822747519673ee656a4b6ac33e382eca9d331c87770faa3eef562aeb2",
                "sha256:db2b95f9de79181805df90bedc5a5ab4c165e6ec3fe99f970d0e302f384ad222",
                "sha256:e59e304978767a54663af13c07b3d1af22ddee3bb2fb0618ca1593e4f593a106",
                "sha256:e85e99945e688e32d5a35c1ff38ed0b3f41f43fad8df0bdf79f72b2ba7bc5272",
                "sha256:ece47d672db52ac607a3d9599a9d48dcb2f2f735c6c2d1f34130085bb12b112a",
                "sha256:f4039b9cbc3048b2416cc57ab3bda989a6fcf9b36cf8937f01a6e731b64f80d7"
            ],
            "markers": "python_version < '3.11'",
            "version": "==2.2.1"
        },
        "typing-extensions": {
            "hashes": [
                "sha256:4b6cf02909eb5495cfbc3f6e8fd49217e6cc7944e145cdda8caa3734777f9e69",
                "sha256:98795af00fb9640edec5b8e31fc647597b4691f099ad75f469a2616be1a76dff"
            ],
            "markers": "python_version >= '3.8'",
            "version": "==4.13.1"
        },
        "werkzeug": {
            "hashes": [
                "sha256:54b78bf3716d19a65be4fceccc0d1d7b89e608834989dfae50ea87564639213e",
                "sha256:60723ce945c19328679790e3282cc758aa4a6040e4bb330f53d30fa546d44746"
            ],
            "markers": "python_version >= '3.9'",
            "version": "==3.1.3"
        },
        "wrapt": {
            "hashes": [
                "sha256:08e7ce672e35efa54c5024936e559469436f8b8096253404faeb54d2a878416f",
                "sha256:0a6e821770cf99cc586d33833b2ff32faebdbe886bd6322395606cf55153246c",
                "sha256:0b929ac182f5ace000d459c59c2c9c33047e20e935f8e39371fa6e3b85d56f4a",
                "sha256:129a150f5c445165ff941fc02ee27df65940fcb8a22a61828b1853c98763a64b",
                "sha256:13e6afb7fe71fe7485a4550a8844cc9ffbe263c0f1a1eea569bc7091d4898555",
                "sha256:1473400e5b2733e58b396a04eb7f35f541e1fb976d0c0724d0223dd607e0f74c",
                "sha256:18983c537e04d11cf027fbb60a1e8dfd5190e2b60cc27bc0808e653e7b218d1b",
                "sha256:1a7ed2d9d039bd41e889f6fb9364554052ca21ce823580f6a07c4ec245c1f5d6",
                "sha256:1e1fe0e6ab7775fd842bc39e86f6dcfc4507ab0ffe206093e76d61cde37225c8",
                "sha256:1fb5699e4464afe5c7e65fa51d4f99e0b2eadcc176e4aa33600a3df7801d6662",
                "sha256:2696993ee1eebd20b8e4ee4356483c4cb696066ddc24bd70bcbb80fa56ff9061",
                "sha256:35621ae4c00e056adb0009f8e86e28eb4a41a4bfa8f9bfa9fca7d343fe94f998",
                "sha256:36ccae62f64235cf8ddb682073a60519426fdd4725524ae38874adf72b5f2aeb",
                "sha256:3cedbfa9c940fdad3e6e941db7138e26ce8aad38ab5fe9dcfadfed9db7a54e62",
                "sha256:3d57c572081fed831ad2d26fd430d565b76aa277ed1d30ff4d40670b1c0dd984",
                "sha256:3fc7cb4c1c744f8c05cd5f9438a3caa6ab94ce8344e952d7c45a8ed59dd88392",
                "sha256:4011d137b9955791f9084749cba9a367c68d50ab8d11d64c50ba1688c9b457f2",
                "sha256:40d615e4fe22f4ad3528448c193b218e077656ca9ccb22ce2cb20db730f8d306",
                "sha256:410a92fefd2e0e10d26210e1dfb4a876ddaf8439ef60d6434f21ef8d87efc5b7",
                "sha256:41388e9d4d1522446fe79d3213196bd9e3b301a336965b9e27ca2788ebd122f3",
                "sha256:468090021f391fe0056ad3e807e3d9034e0fd01adcd3bdfba977b6fdf4213ea9",
                "sha256:49703ce2ddc220df165bd2962f8e03b84c89fee2d65e1c24a7defff6f988f4d6",
                "sha256:4a721d3c943dae44f8e243b380cb645a709ba5bd35d3ad27bc2ed947e9c68192",
                "sha256:4afd5814270fdf6380616b321fd31435a462019d834f83c8611a0ce7484c7317",
                "sha256:4c82b8785d98cdd9fed4cac84d765d234ed3251bd6afe34cb7ac523cb93e8b4f",
                "sha256:4db983e7bca53819efdbd64590ee96c9213894272c776966ca6306b73e4affda",
                "sha256:582530701bff1dec6779efa00c516496968edd851fba224fbd86e46cc6b73563",
                "sha256:58455b79ec2661c3600e65c0a716955adc2410f7383755d537584b0de41b1d8a",
                "sha256:58705da316756681ad3c9c73fd15499aa4d8c69f9fd38dc8a35e06c12468582f",
                "sha256:5bb1d0dbf99411f3d871deb6faa9aabb9d4e744d67dcaaa05399af89d847a91d",
                "sha256:5c803c401ea1c1c18de70a06a6f79fcc9c5acfc79133e9869e730ad7f8ad8ef9",
                "sha256:5cbabee4f083b6b4cd282f5b817a867cf0b1028c54d445b7ec7cfe6505057cf8",
                "sha256:612dff5db80beef9e649c6d803a8d50c409082f1fedc9dbcdfde2983b2025b82",
                "sha256:62c2caa1585c82b3f7a7ab56afef7b3602021d6da34fbc1cf234ff139fed3cd9",
                "sha256:69606d7bb691b50a4240ce6b22ebb319c1cfb164e5f6569835058196e0f3a845",
                "sha256:6d9187b01bebc3875bac9b087948a2bccefe464a7d8f627cf6e48b1bbae30f82",
                "sha256:6ed6ffac43aecfe6d86ec5b74b06a5be33d5bb9243d055141e8cabb12aa08125",
                "sha256:703919b1633412ab54bcf920ab388735832fdcb9f9a00ae49387f0fe67dad504",
                "sha256:766d8bbefcb9e00c3ac3b000d9acc51f1b399513f44d77dfe0eb026ad7c9a19b",
                "sha256:80dd7db6a7cb57ffbc279c4394246414ec99537ae81ffd702443335a61dbf3a7",
                "sha256:8112e52c5822fc4253f3901b676c55ddf288614dc7011634e2719718eaa187dc",
                "sha256:8c8b293cd65ad716d13d8dd3624e42e5a19cc2a2f1acc74b30c2c13f15cb61a6",
                "sha256:8fdbdb757d5390f7c675e558fd3186d590973244fab0c5fe63d373ade3e99d40",
                "sha256:91bd7d1773e64019f9288b7a5101f3ae50d3d8e6b1de7edee9c2ccc1d32f0c0a",
                "sha256:95c658736ec15602da0ed73f312d410117723914a5c91a14ee4cdd72f1d790b3",
                "sha256:99039fa9e6306880572915728d7f6c24a86ec57b0a83f6b2491e1d8ab0235b9a",
                "sha256:9a2bce789a5ea90e51a02dfcc39e31b7f1e662bc3317979aa7e5538e3a034f72",
                "sha256:9a7d15bbd2bc99e92e39f49a04653062ee6085c0e18b3b7512a4f2fe91f2d681",
                "sha256:9abc77a4ce4c6f2a3168ff34b1da9b0f311a8f1cfd694ec96b0603dff1c79438",
                "sha256:9e8659775f1adf02eb1e6f109751268e493c73716ca5761f8acb695e52a756ae",
                "sha256:9fee687dce376205d9a494e9c121e27183b2a3df18037f89d69bd7b35bcf59e2",
                "sha256:a5aaeff38654462bc4b09023918b7f21790efb807f54c000a39d41d69cf552cb",
                "sha256:a604bf7a053f8362d27eb9fefd2097f82600b856d5abe996d623babd067b1ab5",
                "sha256:abbb9e76177c35d4e8568e58650aa6926040d6a9f6f03435b7a522bf1c487f9a",
                "sha256:acc130bc0375999da18e3d19e5a86403667ac0c4042a094fefb7eec8ebac7cf3",
                "sha256:b18f2d1533a71f069c7f82d524a52599053d4c7166e9dd374ae2136b7f40f7c8",
                "sha256:b4e42a40a5e164cbfdb7b386c966a588b1047558a990981ace551ed7e12ca9c2",
                "sha256:b5e251054542ae57ac7f3fba5d10bfff615b6c2fb09abeb37d2f1463f841ae22",
                "sha256:b60fb58b90c6d63779cb0c0c54eeb38941bae3ecf7a73c764c52c88c2dcb9d72",
                "sha256:b870b5df5b71d8c3359d21be8f0d6c485fa0ebdb6477dda51a1ea54a9b558061",
                "sha256:ba0f0eb61ef00ea10e00eb53a9129501f52385c44853dbd6c4ad3f403603083f",
                "sha256:bb87745b2e6dc56361bfde481d5a378dc314b252a98d7dd19a651a3fa58f24a9",
                "sha256:bb90fb8bda722a1b9d48ac1e6c38f923ea757b3baf8ebd0c82e09c5c1a0e7a04",
                "sha256:bc570b5f14a79734437cb7b0500376b6b791153314986074486e0b0fa8d71d98",
                "sha256:c86563182421896d73858e08e1db93afdd2b947a70064b813d515d66549e15f9",
                "sha256:c958bcfd59bacc2d0249dcfe575e71da54f9dcf4a8bdf89c4cb9a68a1170d73f",
                "sha256:d18a4865f46b8579d44e4fe1e2bcbc6472ad83d98e22a26c963d46e4c125ef0b",
                "sha256:d5e2439eecc762cd85e7bd37161d4714aa03a33c5ba884e26c81559817ca0925",
                "sha256:e3890b508a23299083e065f435a492b5435eba6e304a7114d2f919d400888cc6",
                "sha256:e496a8ce2c256da1eb98bd15803a79bee00fc351f5dfb9ea82594a3f058309e0",
                "sha256:e8b2816ebef96d83657b56306152a93909a83f23994f4b30ad4573b00bd11bb9",
                "sha256:eaf675418ed6b3b31c7a989fd007fa7c3be66ce14e5c3b27336383604c9da85c",
                "sha256:ec89ed91f2fa8e3f52ae53cd3cf640d6feff92ba90d62236a81e4e563ac0e991",
                "sha256:ecc840861360ba9d176d413a5489b9a0aff6d6303d7e733e2c4623cfa26904a6",
                "sha256:f09b286faeff3c750a879d336fb6d8713206fc97af3adc14def0cdd349df6000",
                "sha256:f393cda562f79828f38a819f4788641ac7c4085f30f1ce1a68672baa686482bb",
                "sha256:f917c1180fdb8623c2b75a99192f4025e412597c50b2ac870f156de8fb101119",
                "sha256:fc78a84e2dfbc27afe4b2bd7c80c8db9bca75cc5b85df52bfe634596a1da846b",
                "sha256:ff04ef6eec3eee8a5efef2401495967a916feaa353643defcc03fc74fe213b58"
            ],
            "markers": "python_version >= '3.8'",
            "version": "==1.17.2"
        },
        "wtforms": {
            "hashes": [
                "sha256:583bad77ba1dd7286463f21e11aa3043ca4869d03575921d1a1698d0715e0fd4",
                "sha256:df3e6b70f3192e92623128123ec8dca3067df9cfadd43d59681e210cfb8d4682"
            ],
            "markers": "python_version >= '3.9'",
            "version": "==3.2.1"
        }
    },
    "develop": {
        "colorama": {
            "hashes": [
                "sha256:08695f5cb7ed6e0531a20572697297273c47b8cae5a63ffc6d6ed5c201be6e44",
                "sha256:4f1d9991f5acc0ca119f9d443620b77f9d6b33703e51011c16baf57afb285fc6"
            ],
            "markers": "sys_platform == 'win32'",
            "version": "==0.4.6"
        },
        "coverage": {
            "extras": [
                "toml"
            ],
            "hashes": [
                "sha256:042e7841a26498fff7a37d6fda770d17519982f5b7d8bf5278d140b67b61095f",
                "sha256:04bfec25a8ef1c5f41f5e7e5c842f6b615599ca8ba8391ec33a9290d9d2db3a3",
                "sha256:0915742f4c82208ebf47a2b154a5334155ed9ef9fe6190674b8a46c2fb89cb05",
                "sha256:18c5ae6d061ad5b3e7eef4363fb27a0576012a7447af48be6c75b88494c6cf25",
                "sha256:2931f66991175369859b5fd58529cd4b73582461877ecfd859b6549869287ffe",
                "sha256:2e4b6b87bb0c846a9315e3ab4be2d52fac905100565f4b92f02c445c8799e257",
                "sha256:3043ba1c88b2139126fc72cb48574b90e2e0546d4c78b5299317f61b7f718b78",
                "sha256:379fe315e206b14e21db5240f89dc0774bdd3e25c3c58c2c733c99eca96f1ada",
                "sha256:42421e04069fb2cbcbca5a696c4050b84a43b05392679d4068acbe65449b5c64",
                "sha256:4dfd9a93db9e78666d178d4f08a5408aa3f2474ad4d0e0378ed5f2ef71640cb6",
                "sha256:52a523153c568d2c0ef8826f6cc23031dc86cffb8c6aeab92c4ff776e7951b28",
                "sha256:554fec1199d93ab30adaa751db68acec2b41c5602ac944bb19187cb9a41a8067",
                "sha256:581a40c7b94921fffd6457ffe532259813fc68eb2bdda60fa8cc343414ce3733",
                "sha256:5a26c0c795c3e0b63ec7da6efded5f0bc856d7c0b24b2ac84b4d1d7bc578d676",
                "sha256:5a570cd9bd20b85d1a0d7b009aaf6c110b52b5755c17be6962f8ccd65d1dbd23",
                "sha256:5aaeb00761f985007b38cf463b1d160a14a22c34eb3f6a39d9ad6fc27cb73008",
                "sha256:5ac46d0c2dd5820ce93943a501ac5f6548ea81594777ca585bf002aa8854cacd",
                "sha256:5c8a5c139aae4c35cbd7cadca1df02ea8cf28a911534fc1b0456acb0b14234f3",
                "sha256:6b8af63b9afa1031c0ef05b217faa598f3069148eeee6bb24b79da9012423b82",
                "sha256:769773614e676f9d8e8a0980dd7740f09a6ea386d0f383db6821df07d0f08545",
                "sha256:771eb7587a0563ca5bb6f622b9ed7f9d07bd08900f7589b4febff05f469bea00",
                "sha256:77af0f6447a582fdc7de5e06fa3757a3ef87769fbb0fdbdeba78c23049140a47",
                "sha256:7a3d62b3b03b4b6fd41a085f3574874cf946cb4604d2b4d3e8dca8cd570ca501",
                "sha256:821f7bcbaa84318287115d54becb1915eece6918136c6f91045bb84e2f88739d",
                "sha256:89b1f4af0d4afe495cd4787a68e00f30f1d15939f550e869de90a86efa7e0814",
                "sha256:8a1d96e780bdb2d0cbb297325711701f7c0b6f89199a57f2049e90064c29f6bd",
                "sha256:8a40fcf208e021eb14b0fac6bdb045c0e0cab53105f93ba0d03fd934c956143a",
                "sha256:8f99eb72bf27cbb167b636eb1726f590c00e1ad375002230607a844d9e9a2318",
                "sha256:90e7fbc6216ecaffa5a880cdc9c77b7418c1dcb166166b78dbc630d07f278cc3",
                "sha256:94ec0be97723ae72d63d3aa41961a0b9a6f5a53ff599813c324548d18e3b9e8c",
                "sha256:95aa6ae391a22bbbce1b77ddac846c98c5473de0372ba5c463480043a07bff42",
                "sha256:96121edfa4c2dfdda409877ea8608dd01de816a4dc4a0523356067b305e4e17a",
                "sha256:a1f406a8e0995d654b2ad87c62caf6befa767885301f3b8f6f73e6f3c31ec3a6",
                "sha256:a321c61477ff8ee705b8a5fed370b5710c56b3a52d17b983d9215861e37b642a",
                "sha256:a5761c70c017c1b0d21b0815a920ffb94a670c8d5d409d9b38857874c21f70d7",
                "sha256:a9abbccd778d98e9c7e85038e35e91e67f5b520776781d9a1e2ee9d400869487",
                "sha256:ad80e6b4a0c3cb6f10f29ae4c60e991f424e6b14219d46f1e7d442b938ee68a4",
                "sha256:b44674870709017e4b4036e3d0d6c17f06a0e6d4436422e0ad29b882c40697d2",
                "sha256:b571bf5341ba8c6bc02e0baeaf3b061ab993bf372d982ae509807e7f112554e9",
                "sha256:b8194fb8e50d556d5849753de991d390c5a1edeeba50f68e3a9253fbd8bf8ccd",
                "sha256:b87eb6fc9e1bb8f98892a2458781348fa37e6925f35bb6ceb9d4afd54ba36c73",
                "sha256:bbb5cc845a0292e0c520656d19d7ce40e18d0e19b22cb3e0409135a575bf79fc",
                "sha256:be945402e03de47ba1872cd5236395e0f4ad635526185a930735f66710e1bd3f",
                "sha256:bf13d564d310c156d1c8e53877baf2993fb3073b2fc9f69790ca6a732eb4bfea",
                "sha256:cf60dd2696b457b710dd40bf17ad269d5f5457b96442f7f85722bdb16fa6c899",
                "sha256:d1ba00ae33be84066cfbe7361d4e04dec78445b2b88bdb734d0d1cbab916025a",
                "sha256:d39fc4817fd67b3915256af5dda75fd4ee10621a3d484524487e33416c6f3543",
                "sha256:d766a4f0e5aa1ba056ec3496243150698dc0481902e2b8559314368717be82b1",
                "sha256:dbf364b4c5e7bae9250528167dfe40219b62e2d573c854d74be213e1e52069f7",
                "sha256:dd19608788b50eed889e13a5d71d832edc34fc9dfce606f66e8f9f917eef910d",
                "sha256:e013b07ba1c748dacc2a80e69a46286ff145935f260eb8c72df7185bf048f502",
                "sha256:e5d2b9be5b0693cf21eb4ce0ec8d211efb43966f6657807f6859aab3814f946b",
                "sha256:e5ff52d790c7e1628241ffbcaeb33e07d14b007b6eb00a19320c7b8a7024c040",
                "sha256:e75a2ad7b647fd8046d58c3132d7eaf31b12d8a53c0e4b21fa9c4d23d6ee6d3c",
                "sha256:e7ac22a0bb2c7c49f441f7a6d46c9c80d96e56f5a8bc6972529ed43c8b694e27",
                "sha256:ed2144b8a78f9d94d9515963ed273d620e07846acd5d4b0a642d4849e8d91a0c",
                "sha256:f017a61399f13aa6d1039f75cd467be388d157cd81f1a119b9d9a68ba6f2830d",
                "sha256:f1d8a2a57b47142b10374902777e798784abf400a004b14f1b0b9eaf1e528ba4",
                "sha256:f2d32f95922927186c6dbc8bc60df0d186b6edb828d299ab10898ef3f40052fe",
                "sha256:f319bae0321bc838e205bf9e5bc28f0a3165f30c203b610f17ab5552cff90323",
                "sha256:f3c38e4e5ccbdc9198aecc766cedbb134b2d89bf64533973678dfcf07effd883",
                "sha256:f9983d01d7705b2d1f7a95e10bbe4091fabc03a46881a256c2787637b087003f",
                "sha256:fa260de59dfb143af06dcf30c2be0b200bed2a73737a8a59248fcb9fa601ef0f"
            ],
            "markers": "python_version >= '3.9'",
            "version": "==7.8.0"
        },
        "exceptiongroup": {
            "hashes": [
                "sha256:3111b9d131c238bec2f8f516e123e14ba243563fb135d3fe885990585aa7795b",
                "sha256:47c2edf7c6738fafb49fd34290706d1a1a2f4d1c6df275526b62cbb4aa5393cc"
            ],
            "markers": "python_version < '3.11'",
            "version": "==1.2.2"
        },
        "iniconfig": {
            "hashes": [
                "sha256:3abbd2e30b36733fee78f9c7f7308f2d0050e88f0087fd25c2645f63c773e1c7",
                "sha256:9deba5723312380e77435581c6bf4935c94cbfab9b1ed33ef8d238ea168eb760"
            ],
            "markers": "python_version >= '3.8'",
            "version": "==2.1.0"
        },
        "packaging": {
            "hashes": [
                "sha256:09abb1bccd265c01f4a3aa3f7a7db064b36514d2cba19a2f694fe6150451a759",
                "sha256:c228a6dc5e932d346bc5739379109d49e8853dd8223571c7c5b55260edc0b97f"
            ],
            "markers": "python_version >= '3.8'",
            "version": "==24.2"
        },
        "pluggy": {
            "hashes": [
                "sha256:2cffa88e94fdc978c4c574f15f9e59b7f4201d439195c3715ca9e2486f1d0cf1",
                "sha256:44e1ad92c8ca002de6377e165f3e0f1be63266ab4d554740532335b9d75ea669"
            ],
            "markers": "python_version >= '3.8'",
            "version": "==1.5.0"
        },
        "pytest": {
            "hashes": [
                "sha256:c69214aa47deac29fad6c2a4f590b9c4a9fdb16a403176fe154b79c0b4d4d820",
                "sha256:f4efe70cc14e511565ac476b57c279e12a855b11f48f212af1080ef2263d3845"
            ],
            "index": "pypi",
            "markers": "python_version >= '3.8'",
            "version": "==8.3.5"
        },
        "pytest-cov": {
            "hashes": [
                "sha256:46935f7aaefba760e716c2ebfbe1c216240b9592966e7da99ea8292d4d3e2a0a",
                "sha256:bddf29ed2d0ab6f4df17b4c55b0a657287db8684af9c42ea546b21b1041b3dde"
            ],
            "index": "pypi",
            "markers": "python_version >= '3.9'",
            "version": "==6.1.1"
        },
        "tomli": {
            "hashes": [
                "sha256:023aa114dd824ade0100497eb2318602af309e5a55595f76b626d6d9f3b7b0a6",
                "sha256:02abe224de6ae62c19f090f68da4e27b10af2b93213d36cf44e6e1c5abd19fdd",
                "sha256:286f0ca2ffeeb5b9bd4fcc8d6c330534323ec51b2f52da063b11c502da16f30c",
                "sha256:2d0f2fdd22b02c6d81637a3c95f8cd77f995846af7414c5c4b8d0545afa1bc4b",
                "sha256:33580bccab0338d00994d7f16f4c4ec25b776af3ffaac1ed74e0b3fc95e885a8",
                "sha256:400e720fe168c0f8521520190686ef8ef033fb19fc493da09779e592861b78c6",
                "sha256:40741994320b232529c802f8bc86da4e1aa9f413db394617b9a256ae0f9a7f77",
                "sha256:465af0e0875402f1d226519c9904f37254b3045fc5084697cefb9bdde1ff99ff",
                "sha256:4a8f6e44de52d5e6c657c9fe83b562f5f4256d8ebbfe4ff922c495620a7f6cea",
                "sha256:4e340144ad7ae1533cb897d406382b4b6fede8890a03738ff1683af800d54192",
                "sha256:678e4fa69e4575eb77d103de3df8a895e1591b48e740211bd1067378c69e8249",
                "sha256:6972ca9c9cc9f0acaa56a8ca1ff51e7af152a9f87fb64623e31d5c83700080ee",
                "sha256:7fc04e92e1d624a4a63c76474610238576942d6b8950a2d7f908a340494e67e4",
                "sha256:889f80ef92701b9dbb224e49ec87c645ce5df3fa2cc548664eb8a25e03127a98",
                "sha256:8d57ca8095a641b8237d5b079147646153d22552f1c637fd3ba7f4b0b29167a8",
                "sha256:8dd28b3e155b80f4d54beb40a441d366adcfe740969820caf156c019fb5c7ec4",
                "sha256:9316dc65bed1684c9a98ee68759ceaed29d229e985297003e494aa825ebb0281",
                "sha256:a198f10c4d1b1375d7687bc25294306e551bf1abfa4eace6650070a5c1ae2744",
                "sha256:a38aa0308e754b0e3c67e344754dff64999ff9b513e691d0e786265c93583c69",
                "sha256:a92ef1a44547e894e2a17d24e7557a5e85a9e1d0048b0b5e7541f76c5032cb13",
                "sha256:ac065718db92ca818f8d6141b5f66369833d4a80a9d74435a268c52bdfa73140",
                "sha256:b82ebccc8c8a36f2094e969560a1b836758481f3dc360ce9a3277c65f374285e",
                "sha256:c954d2250168d28797dd4e3ac5cf812a406cd5a92674ee4c8f123c889786aa8e",
                "sha256:cb55c73c5f4408779d0cf3eef9f762b9c9f147a77de7b258bef0a5628adc85cc",
                "sha256:cd45e1dc79c835ce60f7404ec8119f2eb06d38b1deba146f07ced3bbc44505ff",
                "sha256:d3f5614314d758649ab2ab3a62d4f2004c825922f9e370b29416484086b264ec",
                "sha256:d920f33822747519673ee656a4b6ac33e382eca9d331c87770faa3eef562aeb2",
                "sha256:db2b95f9de79181805df90bedc5a5ab4c165e6ec3fe99f970d0e302f384ad222",
                "sha256:e59e304978767a54663af13c07b3d1af22ddee3bb2fb0618ca1593e4f593a106",
                "sha256:e85e99945e688e32d5a35c1ff38ed0b3f41f43fad8df0bdf79f72b2ba7bc5272",
                "sha256:ece47d672db52ac607a3d9599a9d48dcb2f2f735c6c2d1f34130085bb12b112a",
                "sha256:f4039b9cbc3048b2416cc57ab3bda989a6fcf9b36cf8937f01a6e731b64f80d7"
            ],
            "markers": "python_version < '3.11'",
            "version": "==2.2.1"
        }
    }
}
